// !$*UTF8*$!
{
	archiveVersion = 1;
	classes = {
	};
	objectVersion = 77;
	objects = {

/* Begin PBXBuildFile section */
		5A0000000000000000000060 /* FirebaseAuth in Frameworks */ = {isa = PBXBuildFile; productRef = 5A0000000000000000000051 /* FirebaseAuth */; };
		5A0000000000000000000061 /* FirebaseAnalytics in Frameworks */ = {isa = PBXBuildFile; productRef = 5A0000000000000000000052 /* FirebaseAnalytics */; };
		5A0000000000000000000062 /* FirebaseCrashlytics in Frameworks */ = {isa = PBXBuildFile; productRef = 5A0000000000000000000053 /* FirebaseCrashlytics */; };
/* End PBXBuildFile section */

/* Begin PBXFileReference section */
		5A0000000000000000000005 /* SecondOpinion.app */ = {isa = PBXFileReference; explicitFileType = wrapper.application; includeInIndex = 0; path = SecondOpinion.app; sourceTree = BUILT_PRODUCTS_DIR; };
/* End PBXFileReference section */

/* Begin PBXFileSystemSynchronizedBuildFileExceptionSet section */
		5A0000000000000000000001 /* Exceptions for "SecondOpinion" folder */ = {
			isa = PBXFileSystemSynchronizedBuildFileExceptionSet;
			membershipExceptions = (
				Info.plist,
			);
			target = 5A0000000000000000000010 /* SecondOpinion */;
		};
/* End PBXFileSystemSynchronizedBuildFileExceptionSet section */

/* Begin PBXFileSystemSynchronizedRootGroup section */
		5A0000000000000000000002 /* SecondOpinion */ = {
			isa = PBXFileSystemSynchronizedRootGroup;
			exceptions = (
				5A0000000000000000000001 /* Exceptions for "SecondOpinion" folder */,
			);
			explicitFileTypes = {
			};
			explicitFolders = (
			);
			path = SecondOpinion;
			sourceTree = "<group>";
		};
/* End PBXFileSystemSynchronizedRootGroup section */

/* Begin PBXFrameworksBuildPhase section */
		5A0000000000000000000032 /* Frameworks */ = {
			isa = PBXFrameworksBuildPhase;
			buildActionMask = 2147483647;
			files = (
				5A0000000000000000000060 /* FirebaseAuth in Frameworks */,
				5A0000000000000000000061 /* FirebaseAnalytics in Frameworks */,
				5A0000000000000000000062 /* FirebaseCrashlytics in Frameworks */,
			);
			runOnlyForDeploymentPostprocessing = 0;
		};
/* End PBXFrameworksBuildPhase section */

/* Begin PBXGroup section */
		5A0000000000000000000003 = {
			isa = PBXGroup;
			children = (
				5A0000000000000000000002 /* SecondOpinion */,
				5A0000000000000000000004 /* Products */,
			);
			sourceTree = "<group>";
		};
		5A0000000000000000000004 /* Products */ = {
			isa = PBXGroup;
			children = (
				5A0000000000000000000005 /* SecondOpinion.app */,
			);
			name = Products;
			sourceTree = "<group>";
		};
/* End PBXGroup section */

/* Begin PBXNativeTarget section */
		5A0000000000000000000010 /* SecondOpinion */ = {
			isa = PBXNativeTarget;
			buildConfigurationList = 5A0000000000000000000020 /* Build configuration list for PBXNativeTarget "SecondOpinion" */;
			buildPhases = (
				5A0000000000000000000030 /* Build SharedKit (Gradle) */,
				5A0000000000000000000031 /* Sources */,
				5A0000000000000000000032 /* Frameworks */,
				5A0000000000000000000033 /* Resources */,
			);
			buildRules = (
			);
			dependencies = (
			);
			fileSystemSynchronizedGroups = (
				5A0000000000000000000002 /* SecondOpinion */,
			);
			name = SecondOpinion;
			packageProductDependencies = (
				5A0000000000000000000051 /* FirebaseAuth */,
				5A0000000000000000000052 /* FirebaseAnalytics */,
				5A0000000000000000000053 /* FirebaseCrashlytics */,
			);
			productName = SecondOpinion;
			productReference = 5A0000000000000000000005 /* SecondOpinion.app */;
			productType = "com.apple.product-type.application";
		};
/* End PBXNativeTarget section */

/* Begin PBXProject section */
		5A0000000000000000000011 /* Project object */ = {
			isa = PBXProject;
			attributes = {
				BuildIndependentTargetsInParallel = 1;
				LastUpgradeCheck = 1600;
				TargetAttributes = {
					5A0000000000000000000010 = {
						CreatedOnToolsVersion = 16.0;
					};
				};
			};
			buildConfigurationList = 5A0000000000000000000021 /* Build configuration list for PBXProject "SecondOpinion" */;
			compatibilityVersion = "Xcode 15.0";
			developmentRegion = en;
			hasScannedForEncodings = 0;
			knownRegions = (
				en,
				Base,
			);
			mainGroup = 5A0000000000000000000003;
			minimizedProjectReferenceProxies = 1;
			packageReferences = (
				5A0000000000000000000050 /* XCRemoteSwiftPackageReference "firebase-ios-sdk" */,
			);
			preferredProjectObjectVersion = 77;
			productRefGroup = 5A0000000000000000000004 /* Products */;
			projectDirPath = "";
			projectRoot = "";
			targets = (
				5A0000000000000000000010 /* SecondOpinion */,
			);
		};
/* End PBXProject section */

/* Begin PBXResourcesBuildPhase section */
		5A0000000000000000000033 /* Resources */ = {
			isa = PBXResourcesBuildPhase;
			buildActionMask = 2147483647;
			files = (
			);
			runOnlyForDeploymentPostprocessing = 0;
		};
/* End PBXResourcesBuildPhase section */

/* Begin PBXShellScriptBuildPhase section */
		5A0000000000000000000030 /* Build SharedKit (Gradle) */ = {
			isa = PBXShellScriptBuildPhase;
			alwaysOutOfDate = 1;
			buildActionMask = 2147483647;
			files = (
			);
			inputPaths = (
			);
			name = "Build SharedKit (Gradle)";
			outputPaths = (
			);
			runOnlyForDeploymentPostprocessing = 0;
			shellPath = /bin/sh;
			shellScript = "# Builds the SharedKit.framework slice Xcode is asking for and copies it\n# into build/xcode-frameworks/$CONFIGURATION/$SDK_NAME (see FRAMEWORK_SEARCH_PATHS).\nif [ -z \"$JAVA_HOME\" ] && command -v /usr/libexec/java_home >/dev/null; then\n  export JAVA_HOME=$(/usr/libexec/java_home)\nfi\ncd \"$SRCROOT/..\"\n./gradlew :shared:presentation:embedAndSignAppleFrameworkForXcode\n";
		};
/* End PBXShellScriptBuildPhase section */

/* Begin PBXSourcesBuildPhase section */
		5A0000000000000000000031 /* Sources */ = {
			isa = PBXSourcesBuildPhase;
			buildActionMask = 2147483647;
			files = (
			);
			runOnlyForDeploymentPostprocessing = 0;
		};
/* End PBXSourcesBuildPhase section */

/* Begin XCBuildConfiguration section */
		5A0000000000000000000040 /* Debug */ = {
			isa = XCBuildConfiguration;
			buildSettings = {
				ALWAYS_SEARCH_USER_PATHS = NO;
				CLANG_ENABLE_MODULES = YES;
				CLANG_ENABLE_OBJC_ARC = YES;
				DEBUG_INFORMATION_FORMAT = dwarf;
				ENABLE_TESTABILITY = YES;
				GCC_OPTIMIZATION_LEVEL = 0;
				GCC_PREPROCESSOR_DEFINITIONS = (
					"DEBUG=1",
					"$(inherited)",
				);
				IPHONEOS_DEPLOYMENT_TARGET = 17.0;
				MTL_ENABLE_DEBUG_INFO = INCLUDE_SOURCE;
				ONLY_ACTIVE_ARCH = YES;
				SDKROOT = iphoneos;
				SWIFT_ACTIVE_COMPILATION_CONDITIONS = "DEBUG $(inherited)";
				SWIFT_OPTIMIZATION_LEVEL = "-Onone";
			};
			name = Debug;
		};
		5A0000000000000000000041 /* Release */ = {
			isa = XCBuildConfiguration;
			buildSettings = {
				ALWAYS_SEARCH_USER_PATHS = NO;
				CLANG_ENABLE_MODULES = YES;
				CLANG_ENABLE_OBJC_ARC = YES;
				DEBUG_INFORMATION_FORMAT = "dwarf-with-dsym";
				ENABLE_NS_ASSERTIONS = NO;
				IPHONEOS_DEPLOYMENT_TARGET = 17.0;
				MTL_ENABLE_DEBUG_INFO = NO;
				SDKROOT = iphoneos;
				SWIFT_COMPILATION_MODE = wholemodule;
			};
			name = Release;
		};
		5A0000000000000000000042 /* Debug */ = {
			isa = XCBuildConfiguration;
			buildSettings = {
				ASSETCATALOG_COMPILER_GENERATE_SWIFT_ASSET_SYMBOL_EXTENSIONS = YES;
				BACKEND_BASE_URL = "http://127.0.0.1:8000";
				CODE_SIGN_STYLE = Automatic;
				CURRENT_PROJECT_VERSION = 1;
				ENABLE_PREVIEWS = YES;
				FRAMEWORK_SEARCH_PATHS = (
					"$(inherited)",
					"$(SRCROOT)/../shared/presentation/build/xcode-frameworks/$(CONFIGURATION)/$(SDK_NAME)",
				);
				GENERATE_INFOPLIST_FILE = YES;
				INFOPLIST_FILE = SecondOpinion/Info.plist;
				INFOPLIST_KEY_NSMicrophoneUsageDescription = "Second Opinion records the symptom conversation to prepare an assessment. Recording starts only after patient consent.";
				INFOPLIST_KEY_UIApplicationSceneManifest_Generation = YES;
				INFOPLIST_KEY_UILaunchScreen_Generation = YES;
				INFOPLIST_KEY_UISupportedInterfaceOrientations = UIInterfaceOrientationPortrait;
				LD_RUNPATH_SEARCH_PATHS = (
					"$(inherited)",
					"@executable_path/Frameworks",
				);
				MARKETING_VERSION = 1.0;
				OTHER_LDFLAGS = (
					"$(inherited)",
					"-framework",
					SharedKit,
					"-lsqlite3",
				);
				PRODUCT_BUNDLE_IDENTIFIER = "org.charged-proton.secondopinion";
				PRODUCT_NAME = "$(TARGET_NAME)";
				SWIFT_VERSION = 5.0;
				TARGETED_DEVICE_FAMILY = 1;
			};
			name = Debug;
		};
		5A0000000000000000000043 /* Release */ = {
			isa = XCBuildConfiguration;
			buildSettings = {
				ASSETCATALOG_COMPILER_GENERATE_SWIFT_ASSET_SYMBOL_EXTENSIONS = YES;
				BACKEND_BASE_URL = "https://so-api-7i4kw4366a-el.a.run.app";
				CODE_SIGN_STYLE = Automatic;
				CURRENT_PROJECT_VERSION = 1;
				ENABLE_PREVIEWS = YES;
				FRAMEWORK_SEARCH_PATHS = (
					"$(inherited)",
					"$(SRCROOT)/../shared/presentation/build/xcode-frameworks/$(CONFIGURATION)/$(SDK_NAME)",
				);
				GENERATE_INFOPLIST_FILE = YES;
				INFOPLIST_FILE = SecondOpinion/Info.plist;
				INFOPLIST_KEY_NSMicrophoneUsageDescription = "Second Opinion records the symptom conversation to prepare an assessment. Recording starts only after patient consent.";
				INFOPLIST_KEY_UIApplicationSceneManifest_Generation = YES;
				INFOPLIST_KEY_UILaunchScreen_Generation = YES;
				INFOPLIST_KEY_UISupportedInterfaceOrientations = UIInterfaceOrientationPortrait;
				LD_RUNPATH_SEARCH_PATHS = (
					"$(inherited)",
					"@executable_path/Frameworks",
				);
				MARKETING_VERSION = 1.0;
				OTHER_LDFLAGS = (
					"$(inherited)",
					"-framework",
					SharedKit,
					"-lsqlite3",
				);
				PRODUCT_BUNDLE_IDENTIFIER = "org.charged-proton.secondopinion";
				PRODUCT_NAME = "$(TARGET_NAME)";
				SWIFT_VERSION = 5.0;
				TARGETED_DEVICE_FAMILY = 1;
			};
			name = Release;
		};
/* End XCBuildConfiguration section */

/* Begin XCRemoteSwiftPackageReference section */
		5A0000000000000000000050 /* XCRemoteSwiftPackageReference "firebase-ios-sdk" */ = {
			isa = XCRemoteSwiftPackageReference;
			repositoryURL = "https://github.com/firebase/firebase-ios-sdk";
			requirement = {
				kind = upToNextMajorVersion;
				minimumVersion = 12.18.0;
			};
		};
/* End XCRemoteSwiftPackageReference section */

/* Begin XCSwiftPackageProductDependency section */
		5A0000000000000000000051 /* FirebaseAuth */ = {
			isa = XCSwiftPackageProductDependency;
			package = 5A0000000000000000000050 /* XCRemoteSwiftPackageReference "firebase-ios-sdk" */;
			productName = FirebaseAuth;
		};
		5A0000000000000000000052 /* FirebaseAnalytics */ = {
			isa = XCSwiftPackageProductDependency;
			package = 5A0000000000000000000050 /* XCRemoteSwiftPackageReference "firebase-ios-sdk" */;
			productName = FirebaseAnalytics;
		};
		5A0000000000000000000053 /* FirebaseCrashlytics */ = {
			isa = XCSwiftPackageProductDependency;
			package = 5A0000000000000000000050 /* XCRemoteSwiftPackageReference "firebase-ios-sdk" */;
			productName = FirebaseCrashlytics;
		};
/* End XCSwiftPackageProductDependency section */

/* Begin XCConfigurationList section */
		5A0000000000000000000020 /* Build configuration list for PBXNativeTarget "SecondOpinion" */ = {
			isa = XCConfigurationList;
			buildConfigurations = (
				5A0000000000000000000042 /* Debug */,
				5A0000000000000000000043 /* Release */,
			);
			defaultConfigurationIsVisible = 0;
			defaultConfigurationName = Release;
		};
		5A0000000000000000000021 /* Build configuration list for PBXProject "SecondOpinion" */ = {
			isa = XCConfigurationList;
			buildConfigurations = (
				5A0000000000000000000040 /* Debug */,
				5A0000000000000000000041 /* Release */,
			);
			defaultConfigurationIsVisible = 0;
			defaultConfigurationName = Release;
		};
/* End XCConfigurationList section */
	};
	rootObject = 5A0000000000000000000011 /* Project object */;
}
